// !$*UTF8*$!
{
	archiveVersion = 1;
	classes = {
	};
	objectVersion = 77;
	objects = {

/* Begin PBXBuildFile section */
		15C99F69D3A09C3CA12919D5 /* HomeView.swift in Sources */ = {isa = PBXBuildFile; fileRef = 56798E2408AEEAD6BC93495E /* HomeView.swift */; };
		38BE5178929FF0CFC651D85F /* KokoroAssets in Resources */ = {isa = PBXBuildFile; fileRef = 7866F9538CA88C4F1B1B9734 /* KokoroAssets */; };
		3B0718DF5BA0BE092CC454C9 /* PaperView.swift in Sources */ = {isa = PBXBuildFile; fileRef = 639E32B4744CE4EC2284B009 /* PaperView.swift */; };
		4694FAEE88C5FA9302449667 /* Reader.swift in Sources */ = {isa = PBXBuildFile; fileRef = 8BCF99B4E952F2D6E073394B /* Reader.swift */; };
		46E42F820BD44F627BC6EEA5 /* PdfContainerView.swift in Sources */ = {isa = PBXBuildFile; fileRef = 623E7E585BF44B5626BDEC1D /* PdfContainerView.swift */; };
		86F42818B9AE358434C62590 /* KokoroEngine.swift in Sources */ = {isa = PBXBuildFile; fileRef = 0C52175C846443839ADF9568 /* KokoroEngine.swift */; };
		9B070DB070FD61AF73D6886E /* Theme.swift in Sources */ = {isa = PBXBuildFile; fileRef = 2263DEFF3E8D11C7E6E9E7EA /* Theme.swift */; };
		A1B23FF8B1F6DB2A12658FE1 /* sample.pdf in Resources */ = {isa = PBXBuildFile; fileRef = 984BBDBE800FBB495AD5988D /* sample.pdf */; };
		A4A9DF9CD9C942A9725FD998 /* PaperModel.swift in Sources */ = {isa = PBXBuildFile; fileRef = E2F27C3A8401413757D737D1 /* PaperModel.swift */; };
		B223389DD6B7D6F3AF1292C6 /* Kokoro in Frameworks */ = {isa = PBXBuildFile; productRef = E69D59027A86D0DCD183E4FF /* Kokoro */; };
		C4457AFB46EBCC8F7A30D469 /* ScribeApp.swift in Sources */ = {isa = PBXBuildFile; fileRef = 572ACD849DC28AE0C35FCA9B /* ScribeApp.swift */; };
		EBAC3A2D9BE8AE8A98EAC88F /* SpaceGrotesk-Variable.ttf in Resources */ = {isa = PBXBuildFile; fileRef = 926E7E8B33BAEB511BC7E01B /* SpaceGrotesk-Variable.ttf */; };
/* End PBXBuildFile section */

/* Begin PBXFileReference section */
		0C52175C846443839ADF9568 /* KokoroEngine.swift */ = {isa = PBXFileReference; lastKnownFileType = sourcecode.swift; path = KokoroEngine.swift; sourceTree = "<group>"; };
		11345C81116DC36BA7419B25 /* Scribe.app */ = {isa = PBXFileReference; includeInIndex = 0; lastKnownFileType = wrapper.application; path = Scribe.app; sourceTree = BUILT_PRODUCTS_DIR; };
		2263DEFF3E8D11C7E6E9E7EA /* Theme.swift */ = {isa = PBXFileReference; lastKnownFileType = sourcecode.swift; path = Theme.swift; sourceTree = "<group>"; };
		4B0DC90607B5651AD98E1A3B /* kokoro-swift */ = {isa = PBXFileReference; lastKnownFileType = folder; name = "kokoro-swift"; path = "vendor/kokoro-swift"; sourceTree = SOURCE_ROOT; };
		56798E2408AEEAD6BC93495E /* HomeView.swift */ = {isa = PBXFileReference; lastKnownFileType = sourcecode.swift; path = HomeView.swift; sourceTree = "<group>"; };
		572ACD849DC28AE0C35FCA9B /* ScribeApp.swift */ = {isa = PBXFileReference; lastKnownFileType = sourcecode.swift; path = ScribeApp.swift; sourceTree = "<group>"; };
		623E7E585BF44B5626BDEC1D /* PdfContainerView.swift */ = {isa = PBXFileReference; lastKnownFileType = sourcecode.swift; path = PdfContainerView.swift; sourceTree = "<group>"; };
		639E32B4744CE4EC2284B009 /* PaperView.swift */ = {isa = PBXFileReference; lastKnownFileType = sourcecode.swift; path = PaperView.swift; sourceTree = "<group>"; };
		7866F9538CA88C4F1B1B9734 /* KokoroAssets */ = {isa = PBXFileReference; lastKnownFileType = folder; path = KokoroAssets; sourceTree = SOURCE_ROOT; };
		8BCF99B4E952F2D6E073394B /* Reader.swift */ = {isa = PBXFileReference; lastKnownFileType = sourcecode.swift; path = Reader.swift; sourceTree = "<group>"; };
		926E7E8B33BAEB511BC7E01B /* SpaceGrotesk-Variable.ttf */ = {isa = PBXFileReference; lastKnownFileType = file; path = "SpaceGrotesk-Variable.ttf"; sourceTree = "<group>"; };
		984BBDBE800FBB495AD5988D /* sample.pdf */ = {isa = PBXFileReference; lastKnownFileType = image.pdf; path = sample.pdf; sourceTree = "<group>"; };
		B9C170F0EA4BE2F97F196EC5 /* Info.plist */ = {isa = PBXFileReference; lastKnownFileType = text.plist; path = Info.plist; sourceTree = "<group>"; };
		E2F27C3A8401413757D737D1 /* PaperModel.swift */ = {isa = PBXFileReference; lastKnownFileType = sourcecode.swift; path = PaperModel.swift; sourceTree = "<group>"; };
/* End PBXFileReference section */

/* Begin PBXFrameworksBuildPhase section */
		32C8E4CDC3056D38CC51E678 /* Frameworks */ = {
			isa = PBXFrameworksBuildPhase;
			buildActionMask = 2147483647;
			files = (
				B223389DD6B7D6F3AF1292C6 /* Kokoro in Frameworks */,
			);
			runOnlyForDeploymentPostprocessing = 0;
		};
/* End PBXFrameworksBuildPhase section */

/* Begin PBXGroup section */
		637CC253C48F5DA69FAD3A59 /* Products */ = {
			isa = PBXGroup;
			children = (
				11345C81116DC36BA7419B25 /* Scribe.app */,
			);
			name = Products;
			sourceTree = "<group>";
		};
		74EB70383A3C76E5E4192999 /* Resources */ = {
			isa = PBXGroup;
			children = (
				984BBDBE800FBB495AD5988D /* sample.pdf */,
				9C166D790DDB4995E8179589 /* Fonts */,
			);
			path = Resources;
			sourceTree = "<group>";
		};
		999D2C993C91058EBF95E246 /* Packages */ = {
			isa = PBXGroup;
			children = (
				4B0DC90607B5651AD98E1A3B /* kokoro-swift */,
			);
			name = Packages;
			sourceTree = "<group>";
		};
		9C166D790DDB4995E8179589 /* Fonts */ = {
			isa = PBXGroup;
			children = (
				926E7E8B33BAEB511BC7E01B /* SpaceGrotesk-Variable.ttf */,
			);
			path = Fonts;
			sourceTree = "<group>";
		};
		CE0A276A257FD1674B6227E6 /* Scribe */ = {
			isa = PBXGroup;
			children = (
				56798E2408AEEAD6BC93495E /* HomeView.swift */,
				B9C170F0EA4BE2F97F196EC5 /* Info.plist */,
				0C52175C846443839ADF9568 /* KokoroEngine.swift */,
				E2F27C3A8401413757D737D1 /* PaperModel.swift */,
				639E32B4744CE4EC2284B009 /* PaperView.swift */,
				623E7E585BF44B5626BDEC1D /* PdfContainerView.swift */,
				8BCF99B4E952F2D6E073394B /* Reader.swift */,
				572ACD849DC28AE0C35FCA9B /* ScribeApp.swift */,
				2263DEFF3E8D11C7E6E9E7EA /* Theme.swift */,
				74EB70383A3C76E5E4192999 /* Resources */,
			);
			path = Scribe;
			sourceTree = "<group>";
		};
		CF1A6569B97AB964E08BAAEC = {
			isa = PBXGroup;
			children = (
				7866F9538CA88C4F1B1B9734 /* KokoroAssets */,
				999D2C993C91058EBF95E246 /* Packages */,
				CE0A276A257FD1674B6227E6 /* Scribe */,
				637CC253C48F5DA69FAD3A59 /* Products */,
			);
			sourceTree = "<group>";
		};
/* End PBXGroup section */

/* Begin PBXNativeTarget section */
		33F14FC823B69894B58E6BB8 /* Scribe */ = {
			isa = PBXNativeTarget;
			buildConfigurationList = 7AEB079BA819AB8DAB7D284C /* Build configuration list for PBXNativeTarget "Scribe" */;
			buildPhases = (
				A3C55BD5E9BF3DB4B77D78FC /* Sources */,
				CB65F06A27CFA292E58C59C8 /* Resources */,
				32C8E4CDC3056D38CC51E678 /* Frameworks */,
			);
			buildRules = (
			);
			dependencies = (
			);
			name = Scribe;
			packageProductDependencies = (
				E69D59027A86D0DCD183E4FF /* Kokoro */,
			);
			productName = Scribe;
			productReference = 11345C81116DC36BA7419B25 /* Scribe.app */;
			productType = "com.apple.product-type.application";
		};
/* End PBXNativeTarget section */

/* Begin PBXProject section */
		0911AD40AB20891FC5ABBE8B /* Project object */ = {
			isa = PBXProject;
			attributes = {
				BuildIndependentTargetsInParallel = YES;
				LastUpgradeCheck = 1430;
				TargetAttributes = {
				};
			};
			buildConfigurationList = 9E4712121E5F29BBE87574A2 /* Build configuration list for PBXProject "Scribe" */;
			developmentRegion = en;
			hasScannedForEncodings = 0;
			knownRegions = (
				Base,
				en,
			);
			mainGroup = CF1A6569B97AB964E08BAAEC;
			minimizedProjectReferenceProxies = 1;
			packageReferences = (
				DBFB2B5A0A5B27159884A978 /* XCLocalSwiftPackageReference "vendor/kokoro-swift" */,
			);
			preferredProjectObjectVersion = 77;
			productRefGroup = 637CC253C48F5DA69FAD3A59 /* Products */;
			projectDirPath = "";
			projectRoot = "";
			targets = (
				33F14FC823B69894B58E6BB8 /* Scribe */,
			);
		};
/* End PBXProject section */

/* Begin PBXResourcesBuildPhase section */
		CB65F06A27CFA292E58C59C8 /* Resources */ = {
			isa = PBXResourcesBuildPhase;
			buildActionMask = 2147483647;
			files = (
				38BE5178929FF0CFC651D85F /* KokoroAssets in Resources */,
				EBAC3A2D9BE8AE8A98EAC88F /* SpaceGrotesk-Variable.ttf in Resources */,
				A1B23FF8B1F6DB2A12658FE1 /* sample.pdf in Resources */,
			);
			runOnlyForDeploymentPostprocessing = 0;
		};
/* End PBXResourcesBuildPhase section */

/* Begin PBXSourcesBuildPhase section */
		A3C55BD5E9BF3DB4B77D78FC /* Sources */ = {
			isa = PBXSourcesBuildPhase;
			buildActionMask = 2147483647;
			files = (
				15C99F69D3A09C3CA12919D5 /* HomeView.swift in Sources */,
				86F42818B9AE358434C62590 /* KokoroEngine.swift in Sources */,
				A4A9DF9CD9C942A9725FD998 /* PaperModel.swift in Sources */,
				3B0718DF5BA0BE092CC454C9 /* PaperView.swift in Sources */,
				46E42F820BD44F627BC6EEA5 /* PdfContainerView.swift in Sources */,
				4694FAEE88C5FA9302449667 /* Reader.swift in Sources */,
				C4457AFB46EBCC8F7A30D469 /* ScribeApp.swift in Sources */,
				9B070DB070FD61AF73D6886E /* Theme.swift in Sources */,
			);
			runOnlyForDeploymentPostprocessing = 0;
		};
/* End PBXSourcesBuildPhase section */

/* Begin XCBuildConfiguration section */
		744AF67DB3094D104DF4907F /* Debug */ = {
			isa = XCBuildConfiguration;
			buildSettings = {
				ASSETCATALOG_COMPILER_APPICON_NAME = AppIcon;
				CODE_SIGNING_ALLOWED = NO;
				CODE_SIGN_IDENTITY = "iPhone Developer";
				INFOPLIST_FILE = Scribe/Info.plist;
				LD_RUNPATH_SEARCH_PATHS = (
					"$(inherited)",
					"@executable_path/Frameworks",
				);
				PRODUCT_BUNDLE_IDENTIFIER = com.colbylundak.scribe;
				SDKROOT = iphoneos;
				SWIFT_VERSION = 5.9;
				TARGETED_DEVICE_FAMILY = 1;
			};
			name = Debug;
		};
		9F8A1B8A75D17DD51FD97E84 /* Debug */ = {
			isa = XCBuildConfiguration;
			buildSettings = {
				ALWAYS_SEARCH_USER_PATHS = NO;
				CLANG_ANALYZER_NONNULL = YES;
				CLANG_ANALYZER_NUMBER_OBJECT_CONVERSION = YES_AGGRESSIVE;
				CLANG_CXX_LANGUAGE_STANDARD = "gnu++14";
				CLANG_CXX_LIBRARY = "libc++";
				CLANG_ENABLE_MODULES = YES;
				CLANG_ENABLE_OBJC_ARC = YES;
				CLANG_ENABLE_OBJC_WEAK = YES;
				CLANG_WARN_BLOCK_CAPTURE_AUTORELEASING = YES;
				CLANG_WARN_BOOL_CONVERSION = YES;
				CLANG_WARN_COMMA = YES;
				CLANG_WARN_CONSTANT_CONVERSION = YES;
				CLANG_WARN_DEPRECATED_OBJC_IMPLEMENTATIONS = YES;
				CLANG_WARN_DIRECT_OBJC_ISA_USAGE = YES_ERROR;
				CLANG_WARN_DOCUMENTATION_COMMENTS = YES;
				CLANG_WARN_EMPTY_BODY = YES;
				CLANG_WARN_ENUM_CONVERSION = YES;
				CLANG_WARN_INFINITE_RECURSION = YES;
				CLANG_WARN_INT_CONVERSION = YES;
				CLANG_WARN_NON_LITERAL_NULL_CONVERSION = YES;
				CLANG_WARN_OBJC_IMPLICIT_RETAIN_SELF = YES;
				CLANG_WARN_OBJC_LITERAL_CONVERSION = YES;
				CLANG_WARN_OBJC_ROOT_CLASS = YES_ERROR;
				CLANG_WARN_QUOTED_INCLUDE_IN_FRAMEWORK_HEADER = YES;
				CLANG_WARN_RANGE_LOOP_ANALYSIS = YES;
				CLANG_WARN_STRICT_PROTOTYPES = YES;
				CLANG_WARN_SUSPICIOUS_MOVE = YES;
				CLANG_WARN_UNGUARDED_AVAILABILITY = YES_AGGRESSIVE;
				CLANG_WARN_UNREACHABLE_CODE = YES;
				CLANG_WARN__DUPLICATE_METHOD_MATCH = YES;
				COPY_PHASE_STRIP = NO;
				DEBUG_INFORMATION_FORMAT = dwarf;
				ENABLE_STRICT_OBJC_MSGSEND = YES;
				ENABLE_TESTABILITY = YES;
				GCC_C_LANGUAGE_STANDARD = gnu11;
				GCC_DYNAMIC_NO_PIC = NO;
				GCC_NO_COMMON_BLOCKS = YES;
				GCC_OPTIMIZATION_LEVEL = 0;
				GCC_PREPROCESSOR_DEFINITIONS = (
					"$(inherited)",
					"DEBUG=1",
				);
				GCC_WARN_64_TO_32_BIT_CONVERSION = YES;
				GCC_WARN_ABOUT_RETURN_TYPE = YES_ERROR;
				GCC_WARN_UNDECLARED_SELECTOR = YES;
				GCC_WARN_UNINITIALIZED_AUTOS = YES_AGGRESSIVE;
				GCC_WARN_UNUSED_FUNCTION = YES;
				GCC_WARN_UNUSED_VARIABLE = YES;
				IPHONEOS_DEPLOYMENT_TARGET = 17.0;
				MTL_ENABLE_DEBUG_INFO = INCLUDE_SOURCE;
				MTL_FAST_MATH = YES;
				ONLY_ACTIVE_ARCH = YES;
				PRODUCT_NAME = "$(TARGET_NAME)";
				SDKROOT = iphoneos;
				SWIFT_ACTIVE_COMPILATION_CONDITIONS = DEBUG;
				SWIFT_OPTIMIZATION_LEVEL = "-Onone";
				SWIFT_VERSION = 5.0;
			};
			name = Debug;
		};
		A7734ADE561C375D5F93F7CF /* Release */ = {
			isa = XCBuildConfiguration;
			buildSettings = {
				ALWAYS_SEARCH_USER_PATHS = NO;
				CLANG_ANALYZER_NONNULL = YES;
				CLANG_ANALYZER_NUMBER_OBJECT_CONVERSION = YES_AGGRESSIVE;
				CLANG_CXX_LANGUAGE_STANDARD = "gnu++14";
				CLANG_CXX_LIBRARY = "libc++";
				CLANG_ENABLE_MODULES = YES;
				CLANG_ENABLE_OBJC_ARC = YES;
				CLANG_ENABLE_OBJC_WEAK = YES;
				CLANG_WARN_BLOCK_CAPTURE_AUTORELEASING = YES;
				CLANG_WARN_BOOL_CONVERSION = YES;
				CLANG_WARN_COMMA = YES;
				CLANG_WARN_CONSTANT_CONVERSION = YES;
				CLANG_WARN_DEPRECATED_OBJC_IMPLEMENTATIONS = YES;
				CLANG_WARN_DIRECT_OBJC_ISA_USAGE = YES_ERROR;
				CLANG_WARN_DOCUMENTATION_COMMENTS = YES;
				CLANG_WARN_EMPTY_BODY = YES;
				CLANG_WARN_ENUM_CONVERSION = YES;
				CLANG_WARN_INFINITE_RECURSION = YES;
				CLANG_WARN_INT_CONVERSION = YES;
				CLANG_WARN_NON_LITERAL_NULL_CONVERSION = YES;
				CLANG_WARN_OBJC_IMPLICIT_RETAIN_SELF = YES;
				CLANG_WARN_OBJC_LITERAL_CONVERSION = YES;
				CLANG_WARN_OBJC_ROOT_CLASS = YES_ERROR;
				CLANG_WARN_QUOTED_INCLUDE_IN_FRAMEWORK_HEADER = YES;
				CLANG_WARN_RANGE_LOOP_ANALYSIS = YES;
				CLANG_WARN_STRICT_PROTOTYPES = YES;
				CLANG_WARN_SUSPICIOUS_MOVE = YES;
				CLANG_WARN_UNGUARDED_AVAILABILITY = YES_AGGRESSIVE;
				CLANG_WARN_UNREACHABLE_CODE = YES;
				CLANG_WARN__DUPLICATE_METHOD_MATCH = YES;
				COPY_PHASE_STRIP = NO;
				DEBUG_INFORMATION_FORMAT = "dwarf-with-dsym";
				ENABLE_NS_ASSERTIONS = NO;
				ENABLE_STRICT_OBJC_MSGSEND = YES;
				GCC_C_LANGUAGE_STANDARD = gnu11;
				GCC_NO_COMMON_BLOCKS = YES;
				GCC_WARN_64_TO_32_BIT_CONVERSION = YES;
				GCC_WARN_ABOUT_RETURN_TYPE = YES_ERROR;
				GCC_WARN_UNDECLARED_SELECTOR = YES;
				GCC_WARN_UNINITIALIZED_AUTOS = YES_AGGRESSIVE;
				GCC_WARN_UNUSED_FUNCTION = YES;
				GCC_WARN_UNUSED_VARIABLE = YES;
				IPHONEOS_DEPLOYMENT_TARGET = 17.0;
				MTL_ENABLE_DEBUG_INFO = NO;
				MTL_FAST_MATH = YES;
				PRODUCT_NAME = "$(TARGET_NAME)";
				SDKROOT = iphoneos;
				SWIFT_COMPILATION_MODE = wholemodule;
				SWIFT_OPTIMIZATION_LEVEL = "-O";
				SWIFT_VERSION = 5.0;
			};
			name = Release;
		};
		DCABE6504E02D2E1270AA4AE /* Release */ = {
			isa = XCBuildConfiguration;
			buildSettings = {
				ASSETCATALOG_COMPILER_APPICON_NAME = AppIcon;
				CODE_SIGNING_ALLOWED = NO;
				CODE_SIGN_IDENTITY = "iPhone Developer";
				INFOPLIST_FILE = Scribe/Info.plist;
				LD_RUNPATH_SEARCH_PATHS = (
					"$(inherited)",
					"@executable_path/Frameworks",
				);
				PRODUCT_BUNDLE_IDENTIFIER = com.colbylundak.scribe;
				SDKROOT = iphoneos;
				SWIFT_VERSION = 5.9;
				TARGETED_DEVICE_FAMILY = 1;
			};
			name = Release;
		};
/* End XCBuildConfiguration section */

/* Begin XCConfigurationList section */
		7AEB079BA819AB8DAB7D284C /* Build configuration list for PBXNativeTarget "Scribe" */ = {
			isa = XCConfigurationList;
			buildConfigurations = (
				744AF67DB3094D104DF4907F /* Debug */,
				DCABE6504E02D2E1270AA4AE /* Release */,
			);
			defaultConfigurationIsVisible = 0;
			defaultConfigurationName = Debug;
		};
		9E4712121E5F29BBE87574A2 /* Build configuration list for PBXProject "Scribe" */ = {
			isa = XCConfigurationList;
			buildConfigurations = (
				9F8A1B8A75D17DD51FD97E84 /* Debug */,
				A7734ADE561C375D5F93F7CF /* Release */,
			);
			defaultConfigurationIsVisible = 0;
			defaultConfigurationName = Debug;
		};
/* End XCConfigurationList section */

/* Begin XCLocalSwiftPackageReference section */
		DBFB2B5A0A5B27159884A978 /* XCLocalSwiftPackageReference "vendor/kokoro-swift" */ = {
			isa = XCLocalSwiftPackageReference;
			relativePath = "vendor/kokoro-swift";
		};
/* End XCLocalSwiftPackageReference section */

/* Begin XCSwiftPackageProductDependency section */
		E69D59027A86D0DCD183E4FF /* Kokoro */ = {
			isa = XCSwiftPackageProductDependency;
			productName = Kokoro;
		};
/* End XCSwiftPackageProductDependency section */
	};
	rootObject = 0911AD40AB20891FC5ABBE8B /* Project object */;
}
